// !$*UTF8*$!
{
	archiveVersion = 1;
	classes = {
	};
	objectVersion = 48;
	objects = {

/* Begin PBXBuildFile section */
		D7295C0B2024C93900CE5BCA /* WebviewViewController.swift in Sources */ = {isa = PBXBuildFile; fileRef = D7295C0A2024C93900CE5BCA /* WebviewViewController.swift */; };
		D78D532E2013CAA200D4672D /* AppDelegate.swift in Sources */ = {isa = PBXBuildFile; fileRef = D78D532D2013CAA200D4672D /* AppDelegate.swift */; };
		D78D53302013CAA200D4672D /* ViewController.swift in Sources */ = {isa = PBXBuildFile; fileRef = D78D532F2013CAA200D4672D /* ViewController.swift */; };
		D78D53332013CAA200D4672D /* Main.storyboard in Resources */ = {isa = PBXBuildFile; fileRef = D78D53312013CAA200D4672D /* Main.storyboard */; };
		D78D53352013CAA200D4672D /* Assets.xcassets in Resources */ = {isa = PBXBuildFile; fileRef = D78D53342013CAA200D4672D /* Assets.xcassets */; };
		D78D53382013CAA200D4672D /* LaunchScreen.storyboard in Resources */ = {isa = PBXBuildFile; fileRef = D78D53362013CAA200D4672D /* LaunchScreen.storyboard */; };
		D78D534020151BD400D4672D /* TableViewController.swift in Sources */ = {isa = PBXBuildFile; fileRef = D78D533F20151BD400D4672D /* TableViewController.swift */; };
		D78D53442018C0C400D4672D /* ArticleCell.swift in Sources */ = {isa = PBXBuildFile; fileRef = D78D53432018C0C400D4672D /* ArticleCell.swift */; };
		D78D53462018C8CF00D4672D /* Article.swift in Sources */ = {isa = PBXBuildFile; fileRef = D78D53452018C8CF00D4672D /* Article.swift */; };
/* End PBXBuildFile section */

/* Begin PBXFileReference section */
		D7295C0A2024C93900CE5BCA /* WebviewViewController.swift */ = {isa = PBXFileReference; lastKnownFileType = sourcecode.swift; path = WebviewViewController.swift; sourceTree = "<group>"; };
		D78D532A2013CAA200D4672D /* TechNews.app */ = {isa = PBXFileReference; explicitFileType = wrapper.application; includeInIndex = 0; path = TechNews.app; sourceTree = BUILT_PRODUCTS_DIR; };
		D78D532D2013CAA200D4672D /* AppDelegate.swift */ = {isa = PBXFileReference; lastKnownFileType = sourcecode.swift; path = AppDelegate.swift; sourceTree = "<group>"; };
		D78D532F2013CAA200D4672D /* ViewController.swift */ = {isa = PBXFileReference; lastKnownFileType = sourcecode.swift; path = ViewController.swift; sourceTree = "<group>"; };
		D78D53322013CAA200D4672D /* Base */ = {isa = PBXFileReference; lastKnownFileType = file.storyboard; name = Base; path = Base.lproj/Main.storyboard; sourceTree = "<group>"; };
		D78D53342013CAA200D4672D /* Assets.xcassets */ = {isa = PBXFileReference; lastKnownFileType = folder.assetcatalog; path = Assets.xcassets; sourceTree = "<group>"; };
		D78D53372013CAA200D4672D /* Base */ = {isa = PBXFileReference; lastKnownFileType = file.storyboard; name = Base; path = Base.lproj/LaunchScreen.storyboard; sourceTree = "<group>"; };
		D78D53392013CAA200D4672D /* Info.plist */ = {isa = PBXFileReference; lastKnownFileType = text.plist.xml; path = Info.plist; sourceTree = "<group>"; };
		D78D533F20151BD400D4672D /* TableViewController.swift */ = {isa = PBXFileReference; lastKnownFileType = sourcecode.swift; path = TableViewController.swift; sourceTree = "<group>"; };
		D78D53432018C0C400D4672D /* ArticleCell.swift */ = {isa = PBXFileReference; lastKnownFileType = sourcecode.swift; path = ArticleCell.swift; sourceTree = "<group>"; };
		D78D53452018C8CF00D4672D /* Article.swift */ = {isa = PBXFileReference; lastKnownFileType = sourcecode.swift; path = Article.swift; sourceTree = "<group>"; };
/* End PBXFileReference section */

/* Begin PBXFrameworksBuildPhase section */
		D78D53272013CAA200D4672D /* Frameworks */ = {
			isa = PBXFrameworksBuildPhase;
			buildActionMask = 2147483647;
			files = (
			);
			runOnlyForDeploymentPostprocessing = 0;
		};
/* End PBXFrameworksBuildPhase section */

/* Begin PBXGroup section */
		D78D53212013CAA200D4672D = {
			isa = PBXGroup;
			children = (
				D78D532C2013CAA200D4672D /* TechNews */,
				D78D532B2013CAA200D4672D /* Products */,
			);
			sourceTree = "<group>";
		};
		D78D532B2013CAA200D4672D /* Products */ = {
			isa = PBXGroup;
			children = (
				D78D532A2013CAA200D4672D /* TechNews.app */,
			);
			name = Products;
			sourceTree = "<group>";
		};
		D78D532C2013CAA200D4672D /* TechNews */ = {
			isa = PBXGroup;
			children = (
				D78D532D2013CAA200D4672D /* AppDelegate.swift */,
				D78D53312013CAA200D4672D /* Main.storyboard */,
				D78D53452018C8CF00D4672D /* Article.swift */,
				D78D53432018C0C400D4672D /* ArticleCell.swift */,
				D78D533F20151BD400D4672D /* TableViewController.swift */,
				D78D532F2013CAA200D4672D /* ViewController.swift */,
				D7295C0A2024C93900CE5BCA /* WebviewViewController.swift */,
				D78D53342013CAA200D4672D /* Assets.xcassets */,
				D78D53362013CAA200D4672D /* LaunchScreen.storyboard */,
				D78D53392013CAA200D4672D /* Info.plist */,
			);
			path = TechNews;
			sourceTree = "<group>";
		};
/* End PBXGroup section */

/* Begin PBXNativeTarget section */
		D78D53292013CAA200D4672D /* TechNews */ = {
			isa = PBXNativeTarget;
			buildConfigurationList = D78D533C2013CAA200D4672D /* Build configuration list for PBXNativeTarget "TechNews" */;
			buildPhases = (
				D78D53262013CAA200D4672D /* Sources */,
				D78D53272013CAA200D4672D /* Frameworks */,
				D78D53282013CAA200D4672D /* Resources */,
			);
			buildRules = (
			);
			dependencies = (
			);
			name = TechNews;
			productName = TechNews;
			productReference = D78D532A2013CAA200D4672D /* TechNews.app */;
			productType = "com.apple.product-type.application";
		};
/* End PBXNativeTarget section */

/* Begin PBXProject section */
		D78D53222013CAA200D4672D /* Project object */ = {
			isa = PBXProject;
			attributes = {
				LastSwiftUpdateCheck = 0920;
				LastUpgradeCheck = 0920;
				ORGANIZATIONNAME = "Lucy Mambre";
				TargetAttributes = {
					D78D53292013CAA200D4672D = {
						CreatedOnToolsVersion = 9.2;
						ProvisioningStyle = Automatic;
					};
				};
			};
			buildConfigurationList = D78D53252013CAA200D4672D /* Build configuration list for PBXProject "TechNews" */;
			compatibilityVersion = "Xcode 8.0";
			developmentRegion = en;
			hasScannedForEncodings = 0;
			knownRegions = (
				en,
				Base,
			);
			mainGroup = D78D53212013CAA200D4672D;
			productRefGroup = D78D532B2013CAA200D4672D /* Products */;
			projectDirPath = "";
			projectRoot = "";
			targets = (
				D78D53292013CAA200D4672D /* TechNews */,
			);
		};
/* End PBXProject section */

/* Begin PBXResourcesBuildPhase section */
		D78D53282013CAA200D4672D /* Resources */ = {
			isa = PBXResourcesBuildPhase;
			buildActionMask = 2147483647;
			files = (
				D78D53382013CAA200D4672D /* LaunchScreen.storyboard in Resources */,
				D78D53352013CAA200D4672D /* Assets.xcassets in Resources */,
				D78D53332013CAA200D4672D /* Main.storyboard in Resources */,
			);
			runOnlyForDeploymentPostprocessing = 0;
		};
/* End PBXResourcesBuildPhase section */

/* Begin PBXSourcesBuildPhase section */
		D78D53262013CAA200D4672D /* Sources */ = {
			isa = PBXSourcesBuildPhase;
			buildActionMask = 2147483647;
			files = (
				D78D53442018C0C400D4672D /* ArticleCell.swift in Sources */,
				D78D53302013CAA200D4672D /* ViewController.swift in Sources */,
				D78D534020151BD400D4672D /* TableViewController.swift in Sources */,
				D78D532E2013CAA200D4672D /* AppDelegate.swift in Sources */,
				D7295C0B2024C93900CE5BCA /* WebviewViewController.swift in Sources */,
				D78D53462018C8CF00D4672D /* Article.swift in Sources */,
			);
			runOnlyForDeploymentPostprocessing = 0;
		};
/* End PBXSourcesBuildPhase section */

/* Begin PBXVariantGroup section */
		D78D53312013CAA200D4672D /* Main.storyboard */ = {
			isa = PBXVariantGroup;
			children = (
				D78D53322013CAA200D4672D /* Base */,
			);
			name = Main.storyboard;
			sourceTree = "<group>";
		};
		D78D53362013CAA200D4672D /* LaunchScreen.storyboard */ = {
			isa = PBXVariantGroup;
			children = (
				D78D53372013CAA200D4672D /* Base */,
			);
			name = LaunchScreen.storyboard;
			sourceTree = "<group>";
		};
/* End PBXVariantGroup section */

/* Begin XCBuildConfiguration section */
		D78D533A2013CAA200D4672D /* Debug */ = {
			isa = XCBuildConfiguration;
			buildSettings = {
				ALWAYS_SEARCH_USER_PATHS = NO;
				CLANG_ANALYZER_NONNULL = YES;
				CLANG_ANALYZER_NUMBER_OBJECT_CONVERSION = YES_AGGRESSIVE;
				CLANG_CXX_LANGUAGE_STANDARD = "gnu++14";
				CLANG_CXX_LIBRARY = "libc++";
				CLANG_ENABLE_MODULES = YES;
				CLANG_ENABLE_OBJC_ARC = YES;
				CLANG_WARN_BLOCK_CAPTURE_AUTORELEASING = YES;
				CLANG_WARN_BOOL_CONVERSION = YES;
				CLANG_WARN_COMMA = YES;
				CLANG_WARN_CONSTANT_CONVERSION = YES;
				CLANG_WARN_DIRECT_OBJC_ISA_USAGE = YES_ERROR;
				CLANG_WARN_DOCUMENTATION_COMMENTS = YES;
				CLANG_WARN_EMPTY_BODY = YES;
				CLANG_WARN_ENUM_CONVERSION = YES;
				CLANG_WARN_INFINITE_RECURSION = YES;
				CLANG_WARN_INT_CONVERSION = YES;
				CLANG_WARN_NON_LITERAL_NULL_CONVERSION = YES;
				CLANG_WARN_OBJC_LITERAL_CONVERSION = YES;
				CLANG_WARN_OBJC_ROOT_CLASS = YES_ERROR;
				CLANG_WARN_RANGE_LOOP_ANALYSIS = YES;
				CLANG_WARN_STRICT_PROTOTYPES = YES;
				CLANG_WARN_SUSPICIOUS_MOVE = YES;
				CLANG_WARN_UNGUARDED_AVAILABILITY = YES_AGGRESSIVE;
				CLANG_WARN_UNREACHABLE_CODE = YES;
				CLANG_WARN__DUPLICATE_METHOD_MATCH = YES;
				CODE_SIGN_IDENTITY = "iPhone Developer";
				COPY_PHASE_STRIP = NO;
				DEBUG_INFORMATION_FORMAT = dwarf;
				ENABLE_STRICT_OBJC_MSGSEND = YES;
				ENABLE_TESTABILITY = YES;
				GCC_C_LANGUAGE_STANDARD = gnu11;
				GCC_DYNAMIC_NO_PIC = NO;
				GCC_NO_COMMON_BLOCKS = YES;
				GCC_OPTIMIZATION_LEVEL = 0;
				GCC_PREPROCESSOR_DEFINITIONS = (
					"DEBUG=1",
					"$(inherited)",
				);
				GCC_WARN_64_TO_32_BIT_CONVERSION = YES;
				GCC_WARN_ABOUT_RETURN_TYPE = YES_ERROR;
				GCC_WARN_UNDECLARED_SELECTOR = YES;
				GCC_WARN_UNINITIALIZED_AUTOS = YES_AGGRESSIVE;
				GCC_WARN_UNUSED_FUNCTION = YES;
				GCC_WARN_UNUSED_VARIABLE = YES;
				IPHONEOS_DEPLOYMENT_TARGET = 11.2;
				MTL_ENABLE_DEBUG_INFO = YES;
				ONLY_ACTIVE_ARCH = YES;
				SDKROOT = iphoneos;
				SWIFT_ACTIVE_COMPILATION_CONDITIONS = DEBUG;
				SWIFT_OPTIMIZATION_LEVEL = "-Onone";
			};
			name = Debug;
		};
		D78D533B2013CAA200D4672D /* Release */ = {
			isa = XCBuildConfiguration;
			buildSettings = {
				ALWAYS_SEARCH_USER_PATHS = NO;
				CLANG_ANALYZER_NONNULL = YES;
				CLANG_ANALYZER_NUMBER_OBJECT_CONVERSION = YES_AGGRESSIVE;
				CLANG_CXX_LANGUAGE_STANDARD = "gnu++14";
				CLANG_CXX_LIBRARY = "libc++";
				CLANG_ENABLE_MODULES = YES;
				CLANG_ENABLE_OBJC_ARC = YES;
				CLANG_WARN_BLOCK_CAPTURE_AUTORELEASING = YES;
				CLANG_WARN_BOOL_CONVERSION = YES;
				CLANG_WARN_COMMA = YES;
				CLANG_WARN_CONSTANT_CONVERSION = YES;
				CLANG_WARN_DIRECT_OBJC_ISA_USAGE = YES_ERROR;
				CLANG_WARN_DOCUMENTATION_COMMENTS = YES;
				CLANG_WARN_EMPTY_BODY = YES;
				CLANG_WARN_ENUM_CONVERSION = YES;
				CLANG_WARN_INFINITE_RECURSION = YES;
				CLANG_WARN_INT_CONVERSION = YES;
				CLANG_WARN_NON_LITERAL_NULL_CONVERSION = YES;
				CLANG_WARN_OBJC_LITERAL_CONVERSION = YES;
				CLANG_WARN_OBJC_ROOT_CLASS = YES_ERROR;
				CLANG_WARN_RANGE_LOOP_ANALYSIS = YES;
				CLANG_WARN_STRICT_PROTOTYPES = YES;
				CLANG_WARN_SUSPICIOUS_MOVE = YES;
				CLANG_WARN_UNGUARDED_AVAILABILITY = YES_AGGRESSIVE;
				CLANG_WARN_UNREACHABLE_CODE = YES;
				CLANG_WARN__DUPLICATE_METHOD_MATCH = YES;
				CODE_SIGN_IDENTITY = "iPhone Developer";
				COPY_PHASE_STRIP = NO;
				DEBUG_INFORMATION_FORMAT = "dwarf-with-dsym";
				ENABLE_NS_ASSERTIONS = NO;
				ENABLE_STRICT_OBJC_MSGSEND = YES;
				GCC_C_LANGUAGE_STANDARD = gnu11;
				GCC_NO_COMMON_BLOCKS = YES;
				GCC_WARN_64_TO_32_BIT_CONVERSION = YES;
				GCC_WARN_ABOUT_RETURN_TYPE = YES_ERROR;
				GCC_WARN_UNDECLARED_SELECTOR = YES;
				GCC_WARN_UNINITIALIZED_AUTOS = YES_AGGRESSIVE;
				GCC_WARN_UNUSED_FUNCTION = YES;
				GCC_WARN_UNUSED_VARIABLE = YES;
				IPHONEOS_DEPLOYMENT_TARGET = 11.2;
				MTL_ENABLE_DEBUG_INFO = NO;
				SDKROOT = iphoneos;
				SWIFT_OPTIMIZATION_LEVEL = "-Owholemodule";
				VALIDATE_PRODUCT = YES;
			};
			name = Release;
		};
		D78D533D2013CAA200D4672D /* Debug */ = {
			isa = XCBuildConfiguration;
			buildSettings = {
				ASSETCATALOG_COMPILER_APPICON_NAME = AppIcon;
				CODE_SIGN_STYLE = Automatic;
				INFOPLIST_FILE = TechNews/Info.plist;
				LD_RUNPATH_SEARCH_PATHS = "$(inherited) @executable_path/Frameworks";
				PRODUCT_BUNDLE_IDENTIFIER = com.example.TechNews;
				PRODUCT_NAME = "$(TARGET_NAME)";
				SWIFT_VERSION = 4.0;
				TARGETED_DEVICE_FAMILY = "1,2";
			};
			name = Debug;
		};
		D78D533E2013CAA200D4672D /* Release */ = {
			isa = XCBuildConfiguration;
			buildSettings = {
				ASSETCATALOG_COMPILER_APPICON_NAME = AppIcon;
				CODE_SIGN_STYLE = Automatic;
				INFOPLIST_FILE = TechNews/Info.plist;
				LD_RUNPATH_SEARCH_PATHS = "$(inherited) @executable_path/Frameworks";
				PRODUCT_BUNDLE_IDENTIFIER = com.example.TechNews;
				PRODUCT_NAME = "$(TARGET_NAME)";
				SWIFT_VERSION = 4.0;
				TARGETED_DEVICE_FAMILY = "1,2";
			};
			name = Release;
		};
/* End XCBuildConfiguration section */

/* Begin XCConfigurationList section */
		D78D53252013CAA200D4672D /* Build configuration list for PBXProject "TechNews" */ = {
			isa = XCConfigurationList;
			buildConfigurations = (
				D78D533A2013CAA200D4672D /* Debug */,
				D78D533B2013CAA200D4672D /* Release */,
			);
			defaultConfigurationIsVisible = 0;
			defaultConfigurationName = Release;
		};
		D78D533C2013CAA200D4672D /* Build configuration list for PBXNativeTarget "TechNews" */ = {
			isa = XCConfigurationList;
			buildConfigurations = (
				D78D533D2013CAA200D4672D /* Debug */,
				D78D533E2013CAA200D4672D /* Release */,
			);
			defaultConfigurationIsVisible = 0;
			defaultConfigurationName = Release;
		};
/* End XCConfigurationList section */
	};
	rootObject = D78D53222013CAA200D4672D /* Project object */;
}
